
Microsoft Visual Studio Solution File, Format Version 12.00
# Visual Studio Version 16
VisualStudioVersion = 16.0.32002.261
MinimumVisualStudioVersion = 10.0.40219.1
Project("{FAE04EC0-301F-11D3-BF4B-00C04F79EFBC}") = "ClassesNamespacesMethods", "ClassesNamespacesMethods\ClassesNamespacesMethods.csproj", "{608E7BE4-97E5-4C60-B380-89839ACE25AA}"
EndProject
Global
	GlobalSection(SolutionConfigurationPlatforms) = preSolution
		Debug|Any CPU = Debug|Any CPU
		Release|Any CPU = Release|Any CPU
	EndGlobalSection
	GlobalSection(ProjectConfigurationPlatforms) = postSolution
		{608E7BE4-97E5-4C60-B380-89839ACE25AA}.Debug|Any CPU.ActiveCfg = Debug|Any CPU
		{608E7BE4-97E5-4C60-B380-89839ACE25AA}.Debug|Any CPU.Build.0 = Debug|Any CPU
		{608E7BE4-97E5-4C60-B380-89839ACE25AA}.Release|Any CPU.ActiveCfg = Release|Any CPU
		{608E7BE4-97E5-4C60-B380-89839ACE25AA}.Release|Any CPU.Build.0 = Release|Any CPU
	EndGlobalSection
	GlobalSection(SolutionProperties) = preSolution
		HideSolutionNode = FALSE
	EndGlobalSection
	GlobalSection(ExtensibilityGlobals) = postSolution
		SolutionGuid = {E64B3315-376A-4B9D-A2CF-69DBE69D9179}
	EndGlobalSection
EndGlobal
